
Microsoft Visual Studio Solution File, Format Version 12.00
# Visual Studio 15
VisualStudioVersion = 15.0.27130.2026
MinimumVisualStudioVersion = 10.0.40219.1
Project("{9A19103F-16F7-4668-BE54-9A1E7A4F7556}") = "Character-Builder", "Character-Builder\Character-Builder.csproj", "{164BB64C-B73C-44F2-9CA1-99E03F87C1D7}"
EndProject
Project("{9A19103F-16F7-4668-BE54-9A1E7A4F7556}") = "PF-Character", "Backend\PF-Character.csproj", "{EB59279A-0FB9-4334-9CF2-FAC2E4EE21C1}"
EndProject
Project("{9A19103F-16F7-4668-BE54-9A1E7A4F7556}") = "Execution", "Execution\Execution.csproj", "{E9BCAC0D-CCA6-4198-A21A-85724717B6A1}"
EndProject
Global
	GlobalSection(SolutionConfigurationPlatforms) = preSolution
		Debug|Any CPU = Debug|Any CPU
		Release|Any CPU = Release|Any CPU
	EndGlobalSection
	GlobalSection(ProjectConfigurationPlatforms) = postSolution
		{164BB64C-B73C-44F2-9CA1-99E03F87C1D7}.Debug|Any CPU.ActiveCfg = Debug|Any CPU
		{164BB64C-B73C-44F2-9CA1-99E03F87C1D7}.Debug|Any CPU.Build.0 = Debug|Any CPU
		{164BB64C-B73C-44F2-9CA1-99E03F87C1D7}.Release|Any CPU.ActiveCfg = Release|Any CPU
		{164BB64C-B73C-44F2-9CA1-99E03F87C1D7}.Release|Any CPU.Build.0 = Release|Any CPU
		{EB59279A-0FB9-4334-9CF2-FAC2E4EE21C1}.Debug|Any CPU.ActiveCfg = Debug|Any CPU
		{EB59279A-0FB9-4334-9CF2-FAC2E4EE21C1}.Debug|Any CPU.Build.0 = Debug|Any CPU
		{EB59279A-0FB9-4334-9CF2-FAC2E4EE21C1}.Release|Any CPU.ActiveCfg = Release|Any CPU
		{EB59279A-0FB9-4334-9CF2-FAC2E4EE21C1}.Release|Any CPU.Build.0 = Release|Any CPU
		{E9BCAC0D-CCA6-4198-A21A-85724717B6A1}.Debug|Any CPU.ActiveCfg = Debug|Any CPU
		{E9BCAC0D-CCA6-4198-A21A-85724717B6A1}.Debug|Any CPU.Build.0 = Debug|Any CPU
		{E9BCAC0D-CCA6-4198-A21A-85724717B6A1}.Release|Any CPU.ActiveCfg = Release|Any CPU
		{E9BCAC0D-CCA6-4198-A21A-85724717B6A1}.Release|Any CPU.Build.0 = Release|Any CPU
	EndGlobalSection
	GlobalSection(SolutionProperties) = preSolution
		HideSolutionNode = FALSE
	EndGlobalSection
	GlobalSection(ExtensibilityGlobals) = postSolution
		SolutionGuid = {A1415783-3438-4B00-81A6-9232AC4A0F6E}
	EndGlobalSection
EndGlobal
